
Microsoft Visual Studio Solution File, Format Version 12.00
# Visual Studio 15
VisualStudioVersion = 15.0.27004.2006
MinimumVisualStudioVersion = 10.0.40219.1
Project("{FAE04EC0-301F-11D3-BF4B-00C04F79EFBC}") = "3.3.19", "3.3.19\3.3.19.csproj", "{40BA432D-F1BC-4E3E-98C2-1880E5E1CAC4}"
EndProject
Global
	GlobalSection(SolutionConfigurationPlatforms) = preSolution
		Debug|Any CPU = Debug|Any CPU
		Release|Any CPU = Release|Any CPU
	EndGlobalSection
	GlobalSection(ProjectConfigurationPlatforms) = postSolution
		{40BA432D-F1BC-4E3E-98C2-1880E5E1CAC4}.Debug|Any CPU.ActiveCfg = Debug|Any CPU
		{40BA432D-F1BC-4E3E-98C2-1880E5E1CAC4}.Debug|Any CPU.Build.0 = Debug|Any CPU
		{40BA432D-F1BC-4E3E-98C2-1880E5E1CAC4}.Release|Any CPU.ActiveCfg = Release|Any CPU
		{40BA432D-F1BC-4E3E-98C2-1880E5E1CAC4}.Release|Any CPU.Build.0 = Release|Any CPU
	EndGlobalSection
	GlobalSection(SolutionProperties) = preSolution
		HideSolutionNode = FALSE
	EndGlobalSection
	GlobalSection(ExtensibilityGlobals) = postSolution
		SolutionGuid = {70370594-6728-4ABA-B55D-DD5FAE4DADC6}
	EndGlobalSection
EndGlobal
